
Microsoft Visual Studio Solution File, Format Version 12.00
# Visual Studio Version 17
VisualStudioVersion = 17.13.35931.197 d17.13
MinimumVisualStudioVersion = 10.0.40219.1
Project("{FAE04EC0-301F-11D3-BF4B-00C04F79EFBC}") = "Hospital", "Hospital\Hospital.csproj", "{EF6F4021-3031-4594-B958-96115336B635}"
EndProject
Global
	GlobalSection(SolutionConfigurationPlatforms) = preSolution
		Debug|Any CPU = Debug|Any CPU
		Release|Any CPU = Release|Any CPU
	EndGlobalSection
	GlobalSection(ProjectConfigurationPlatforms) = postSolution
		{EF6F4021-3031-4594-B958-96115336B635}.Debug|Any CPU.ActiveCfg = Debug|Any CPU
		{EF6F4021-3031-4594-B958-96115336B635}.Debug|Any CPU.Build.0 = Debug|Any CPU
		{EF6F4021-3031-4594-B958-96115336B635}.Release|Any CPU.ActiveCfg = Release|Any CPU
		{EF6F4021-3031-4594-B958-96115336B635}.Release|Any CPU.Build.0 = Release|Any CPU
	EndGlobalSection
	GlobalSection(SolutionProperties) = preSolution
		HideSolutionNode = FALSE
	EndGlobalSection
	GlobalSection(ExtensibilityGlobals) = postSolution
		SolutionGuid = {0009FF1D-69CD-4E9C-A001-79F83F5C8FC4}
	EndGlobalSection
EndGlobal
